
Microsoft Visual Studio Solution File, Format Version 12.00
# Visual Studio Version 16
VisualStudioVersion = 16.0.31321.278
MinimumVisualStudioVersion = 10.0.40219.1
Project("{FAE04EC0-301F-11D3-BF4B-00C04F79EFBC}") = "IoCEngine", "IoCEngine.csproj", "{4A58637C-E883-4C20-BDDD-2FB8C8079147}"
EndProject
Project("{FAE04EC0-301F-11D3-BF4B-00C04F79EFBC}") = "Test", "..\Test\Test.csproj", "{5C4AA5BA-C594-46CD-9A6C-478C3218FEDE}"
EndProject
Global
	GlobalSection(SolutionConfigurationPlatforms) = preSolution
		Debug|Any CPU = Debug|Any CPU
		Release|Any CPU = Release|Any CPU
	EndGlobalSection
	GlobalSection(ProjectConfigurationPlatforms) = postSolution
		{4A58637C-E883-4C20-BDDD-2FB8C8079147}.Debug|Any CPU.ActiveCfg = Debug|Any CPU
		{4A58637C-E883-4C20-BDDD-2FB8C8079147}.Debug|Any CPU.Build.0 = Debug|Any CPU
		{4A58637C-E883-4C20-BDDD-2FB8C8079147}.Release|Any CPU.ActiveCfg = Release|Any CPU
		{4A58637C-E883-4C20-BDDD-2FB8C8079147}.Release|Any CPU.Build.0 = Release|Any CPU
		{5C4AA5BA-C594-46CD-9A6C-478C3218FEDE}.Debug|Any CPU.ActiveCfg = Debug|Any CPU
		{5C4AA5BA-C594-46CD-9A6C-478C3218FEDE}.Debug|Any CPU.Build.0 = Debug|Any CPU
		{5C4AA5BA-C594-46CD-9A6C-478C3218FEDE}.Release|Any CPU.ActiveCfg = Release|Any CPU
		{5C4AA5BA-C594-46CD-9A6C-478C3218FEDE}.Release|Any CPU.Build.0 = Release|Any CPU
	EndGlobalSection
	GlobalSection(SolutionProperties) = preSolution
		HideSolutionNode = FALSE
	EndGlobalSection
	GlobalSection(ExtensibilityGlobals) = postSolution
		SolutionGuid = {D060153A-798E-4200-AB42-54A3AD150161}
	EndGlobalSection
EndGlobal
